
Microsoft Visual Studio Solution File, Format Version 12.00
# Visual Studio Version 17
VisualStudioVersion = 17.9.34902.65
MinimumVisualStudioVersion = 10.0.40219.1
Project("{9A19103F-16F7-4668-BE54-9A1E7A4F7556}") = "Rose-Garden-Cafe", "Rose-Garden-Cafe.csproj", "{5039F4BE-09E9-4E1C-886D-613970ABDB6F}"
EndProject
Global
	GlobalSection(SolutionConfigurationPlatforms) = preSolution
		Debug|Any CPU = Debug|Any CPU
		Release|Any CPU = Release|Any CPU
	EndGlobalSection
	GlobalSection(ProjectConfigurationPlatforms) = postSolution
		{5039F4BE-09E9-4E1C-886D-613970ABDB6F}.Debug|Any CPU.ActiveCfg = Debug|Any CPU
		{5039F4BE-09E9-4E1C-886D-613970ABDB6F}.Debug|Any CPU.Build.0 = Debug|Any CPU
		{5039F4BE-09E9-4E1C-886D-613970ABDB6F}.Release|Any CPU.ActiveCfg = Release|Any CPU
		{5039F4BE-09E9-4E1C-886D-613970ABDB6F}.Release|Any CPU.Build.0 = Release|Any CPU
	EndGlobalSection
	GlobalSection(SolutionProperties) = preSolution
		HideSolutionNode = FALSE
	EndGlobalSection
	GlobalSection(ExtensibilityGlobals) = postSolution
		SolutionGuid = {6A0DC13D-E112-447F-95B6-3FD4E7C283A7}
	EndGlobalSection
EndGlobal
